
Microsoft Visual Studio Solution File, Format Version 12.00
# Visual Studio Version 17
VisualStudioVersion = 17.2.32616.157
MinimumVisualStudioVersion = 10.0.40219.1
Project("{FAE04EC0-301F-11D3-BF4B-00C04F79EFBC}") = "pz_5", "pz_5.csproj", "{D40CED08-485C-4CDB-A2A1-6B5CCD0538E4}"
EndProject
Global
	GlobalSection(SolutionConfigurationPlatforms) = preSolution
		Debug|Any CPU = Debug|Any CPU
		Release|Any CPU = Release|Any CPU
	EndGlobalSection
	GlobalSection(ProjectConfigurationPlatforms) = postSolution
		{D40CED08-485C-4CDB-A2A1-6B5CCD0538E4}.Debug|Any CPU.ActiveCfg = Debug|Any CPU
		{D40CED08-485C-4CDB-A2A1-6B5CCD0538E4}.Debug|Any CPU.Build.0 = Debug|Any CPU
		{D40CED08-485C-4CDB-A2A1-6B5CCD0538E4}.Release|Any CPU.ActiveCfg = Release|Any CPU
		{D40CED08-485C-4CDB-A2A1-6B5CCD0538E4}.Release|Any CPU.Build.0 = Release|Any CPU
	EndGlobalSection
	GlobalSection(SolutionProperties) = preSolution
		HideSolutionNode = FALSE
	EndGlobalSection
	GlobalSection(ExtensibilityGlobals) = postSolution
		SolutionGuid = {94421AE5-B906-4B10-B42D-19D6F8EB77AB}
	EndGlobalSection
EndGlobal
